
Microsoft Visual Studio Solution File, Format Version 12.00
# Visual Studio Version 17
VisualStudioVersion = 17.13.35806.99 d17.13
MinimumVisualStudioVersion = 10.0.40219.1
Project("{FAE04EC0-301F-11D3-BF4B-00C04F79EFBC}") = "GestorProyectos", "Semana 4 - Tarea 1\GestorProyectos.csproj", "{63F1CEEB-57EF-4238-8338-A749489BC19E}"
EndProject
Global
	GlobalSection(SolutionConfigurationPlatforms) = preSolution
		Debug|Any CPU = Debug|Any CPU
		Release|Any CPU = Release|Any CPU
	EndGlobalSection
	GlobalSection(ProjectConfigurationPlatforms) = postSolution
		{63F1CEEB-57EF-4238-8338-A749489BC19E}.Debug|Any CPU.ActiveCfg = Debug|Any CPU
		{63F1CEEB-57EF-4238-8338-A749489BC19E}.Debug|Any CPU.Build.0 = Debug|Any CPU
		{63F1CEEB-57EF-4238-8338-A749489BC19E}.Release|Any CPU.ActiveCfg = Release|Any CPU
		{63F1CEEB-57EF-4238-8338-A749489BC19E}.Release|Any CPU.Build.0 = Release|Any CPU
	EndGlobalSection
	GlobalSection(SolutionProperties) = preSolution
		HideSolutionNode = FALSE
	EndGlobalSection
	GlobalSection(ExtensibilityGlobals) = postSolution
		SolutionGuid = {F6109F38-0EAE-495C-8C1E-DE9C478672B2}
	EndGlobalSection
EndGlobal
